
Microsoft Visual Studio Solution File, Format Version 12.00
# Visual Studio Version 17
VisualStudioVersion = 17.12.35728.132
MinimumVisualStudioVersion = 10.0.40219.1
Project("{FAE04EC0-301F-11D3-BF4B-00C04F79EFBC}") = "DataTypes", "DataTypes\DataTypes.csproj", "{15187E8F-4B37-4ED2-96DC-EFDCEB484A13}"
EndProject
Project("{FAE04EC0-301F-11D3-BF4B-00C04F79EFBC}") = "ClassExample", "ClassExample\ClassExample.csproj", "{8D632C9B-E4B4-46D1-9BB0-478008199C92}"
EndProject
Project("{FAE04EC0-301F-11D3-BF4B-00C04F79EFBC}") = "Entitities", "Entitities\Entitities.csproj", "{6AC0D116-F48E-4DA5-9E1A-56D9586B7EC1}"
EndProject
Project("{FAE04EC0-301F-11D3-BF4B-00C04F79EFBC}") = "OOP", "OOP\OOP.csproj", "{0EE27090-89FB-4E5C-BF02-0790056EEE93}"
EndProject
Project("{FAE04EC0-301F-11D3-BF4B-00C04F79EFBC}") = "AbstractClass", "AbstractClass\AbstractClass.csproj", "{DFD59830-84D7-4EC0-8DB3-E59FCB5B7DBB}"
EndProject
Project("{FAE04EC0-301F-11D3-BF4B-00C04F79EFBC}") = "Interfaces", "Interfaces\Interfaces.csproj", "{DEBAB33C-7C97-48B5-84F0-61ED8728E8CE}"
EndProject
Project("{FAE04EC0-301F-11D3-BF4B-00C04F79EFBC}") = "InterfaceExample", "InterfaceExample\InterfaceExample.csproj", "{2129D8A6-1E17-46F6-A70C-71595074212D}"
EndProject
Project("{FAE04EC0-301F-11D3-BF4B-00C04F79EFBC}") = "Generics", "Generics\Generics.csproj", "{A39B1C6C-EF8A-4BAF-AA0B-7A93A41D3F47}"
EndProject
Project("{FAE04EC0-301F-11D3-BF4B-00C04F79EFBC}") = "Delegates", "Delegates\Delegates.csproj", "{EEB740FC-AC8C-47DB-A614-458A97EE3EBC}"
EndProject
Project("{FAE04EC0-301F-11D3-BF4B-00C04F79EFBC}") = "Events", "Events\Events.csproj", "{29C29925-5840-430B-AE78-17A0764F0551}"
EndProject
Project("{FAE04EC0-301F-11D3-BF4B-00C04F79EFBC}") = "EventHandlerExample", "EventHandler\EventHandlerExample.csproj", "{2CDFDCE5-E138-4FF8-A513-04C13724C9E0}"
EndProject
Project("{FAE04EC0-301F-11D3-BF4B-00C04F79EFBC}") = "EventHandlerPassingData", "EventHandlerPassingData\EventHandlerPassingData.csproj", "{D64666F0-EEDB-4041-AD13-8114CE3AA8D4}"
EndProject
Project("{FAE04EC0-301F-11D3-BF4B-00C04F79EFBC}") = "AnonymousMethods", "AnonymousMethods\AnonymousMethods.csproj", "{B18BE97C-140F-48B1-BAA3-2EF02CAB08F4}"
EndProject
Project("{FAE04EC0-301F-11D3-BF4B-00C04F79EFBC}") = "ExpressionLambdaExample", "ExpressionLambdaExample\ExpressionLambdaExample.csproj", "{60C8ECA2-2D40-469A-A367-204C3FAA22EA}"
EndProject
Project("{FAE04EC0-301F-11D3-BF4B-00C04F79EFBC}") = "BuiltinDelegates", "BuiltinDelegates\BuiltinDelegates.csproj", "{14CB6A94-F9A5-464A-9EC4-028680EE7E5D}"
EndProject
Project("{FAE04EC0-301F-11D3-BF4B-00C04F79EFBC}") = "AsyncExample", "AsyncExample\AsyncExample.csproj", "{A32D48A3-182F-4696-8D25-E65ABAC5B91A}"
EndProject
Project("{2150E333-8FDC-42A3-9474-1A3956D46DE8}") = "Unit Tests", "Unit Tests", "{E5139748-808E-4D80-B49B-B1531236E8C3}"
EndProject
Project("{2150E333-8FDC-42A3-9474-1A3956D46DE8}") = "Uso de Calculator", "Uso de Calculator", "{303D6700-C8B4-453D-9483-A058CC848687}"
EndProject
Project("{2150E333-8FDC-42A3-9474-1A3956D46DE8}") = "Utilities", "Utilities", "{117DCE9F-EF66-4160-9E19-A83D2D51A717}"
EndProject
Project("{FAE04EC0-301F-11D3-BF4B-00C04F79EFBC}") = "Utilities", "Unit Tests\Utilities\Utilities.csproj", "{5C754DE9-472C-42EC-BC54-6EB8D7B2E74B}"
EndProject
Project("{2150E333-8FDC-42A3-9474-1A3956D46DE8}") = "Calculator Tests", "Calculator Tests", "{EA39C646-3E8E-4441-85A8-CF32469BF766}"
EndProject
Project("{FAE04EC0-301F-11D3-BF4B-00C04F79EFBC}") = "CalculatorTests", "Unit Tests\CalculatorTests\CalculatorTests.csproj", "{65AEED45-5C1E-46C6-A27C-DDEA97A3820C}"
EndProject
Project("{FAE04EC0-301F-11D3-BF4B-00C04F79EFBC}") = "LinqToObjects", "LinqToObjects\LinqToObjects.csproj", "{85BB7EA9-0748-4021-9016-563C99375652}"
EndProject
Project("{FAE04EC0-301F-11D3-BF4B-00C04F79EFBC}") = "Streams", "Streams\Streams.csproj", "{6E42E8DD-ACFD-40E3-B986-E0BA336503C9}"
EndProject
Project("{FAE04EC0-301F-11D3-BF4B-00C04F79EFBC}") = "ControlarFlujoConvertirTiposManejarExceptiones", "ControlarFlujoConvertirTiposManejarExceptiones\ControlarFlujoConvertirTiposManejarExceptiones.csproj", "{41DC2692-AC93-4221-91A5-84F260889DDC}"
EndProject
Global
	GlobalSection(SolutionConfigurationPlatforms) = preSolution
		Debug|Any CPU = Debug|Any CPU
		Release|Any CPU = Release|Any CPU
	EndGlobalSection
	GlobalSection(ProjectConfigurationPlatforms) = postSolution
		{15187E8F-4B37-4ED2-96DC-EFDCEB484A13}.Debug|Any CPU.ActiveCfg = Debug|Any CPU
		{15187E8F-4B37-4ED2-96DC-EFDCEB484A13}.Debug|Any CPU.Build.0 = Debug|Any CPU
		{15187E8F-4B37-4ED2-96DC-EFDCEB484A13}.Release|Any CPU.ActiveCfg = Release|Any CPU
		{15187E8F-4B37-4ED2-96DC-EFDCEB484A13}.Release|Any CPU.Build.0 = Release|Any CPU
		{8D632C9B-E4B4-46D1-9BB0-478008199C92}.Debug|Any CPU.ActiveCfg = Debug|Any CPU
		{8D632C9B-E4B4-46D1-9BB0-478008199C92}.Debug|Any CPU.Build.0 = Debug|Any CPU
		{8D632C9B-E4B4-46D1-9BB0-478008199C92}.Release|Any CPU.ActiveCfg = Release|Any CPU
		{8D632C9B-E4B4-46D1-9BB0-478008199C92}.Release|Any CPU.Build.0 = Release|Any CPU
		{6AC0D116-F48E-4DA5-9E1A-56D9586B7EC1}.Debug|Any CPU.ActiveCfg = Debug|Any CPU
		{6AC0D116-F48E-4DA5-9E1A-56D9586B7EC1}.Debug|Any CPU.Build.0 = Debug|Any CPU
		{6AC0D116-F48E-4DA5-9E1A-56D9586B7EC1}.Release|Any CPU.ActiveCfg = Release|Any CPU
		{6AC0D116-F48E-4DA5-9E1A-56D9586B7EC1}.Release|Any CPU.Build.0 = Release|Any CPU
		{0EE27090-89FB-4E5C-BF02-0790056EEE93}.Debug|Any CPU.ActiveCfg = Debug|Any CPU
		{0EE27090-89FB-4E5C-BF02-0790056EEE93}.Debug|Any CPU.Build.0 = Debug|Any CPU
		{0EE27090-89FB-4E5C-BF02-0790056EEE93}.Release|Any CPU.ActiveCfg = Release|Any CPU
		{0EE27090-89FB-4E5C-BF02-0790056EEE93}.Release|Any CPU.Build.0 = Release|Any CPU
		{DFD59830-84D7-4EC0-8DB3-E59FCB5B7DBB}.Debug|Any CPU.ActiveCfg = Debug|Any CPU
		{DFD59830-84D7-4EC0-8DB3-E59FCB5B7DBB}.Debug|Any CPU.Build.0 = Debug|Any CPU
		{DFD59830-84D7-4EC0-8DB3-E59FCB5B7DBB}.Release|Any CPU.ActiveCfg = Release|Any CPU
		{DFD59830-84D7-4EC0-8DB3-E59FCB5B7DBB}.Release|Any CPU.Build.0 = Release|Any CPU
		{DEBAB33C-7C97-48B5-84F0-61ED8728E8CE}.Debug|Any CPU.ActiveCfg = Debug|Any CPU
		{DEBAB33C-7C97-48B5-84F0-61ED8728E8CE}.Debug|Any CPU.Build.0 = Debug|Any CPU
		{DEBAB33C-7C97-48B5-84F0-61ED8728E8CE}.Release|Any CPU.ActiveCfg = Release|Any CPU
		{DEBAB33C-7C97-48B5-84F0-61ED8728E8CE}.Release|Any CPU.Build.0 = Release|Any CPU
		{2129D8A6-1E17-46F6-A70C-71595074212D}.Debug|Any CPU.ActiveCfg = Debug|Any CPU
		{2129D8A6-1E17-46F6-A70C-71595074212D}.Debug|Any CPU.Build.0 = Debug|Any CPU
		{2129D8A6-1E17-46F6-A70C-71595074212D}.Release|Any CPU.ActiveCfg = Release|Any CPU
		{2129D8A6-1E17-46F6-A70C-71595074212D}.Release|Any CPU.Build.0 = Release|Any CPU
		{A39B1C6C-EF8A-4BAF-AA0B-7A93A41D3F47}.Debug|Any CPU.ActiveCfg = Debug|Any CPU
		{A39B1C6C-EF8A-4BAF-AA0B-7A93A41D3F47}.Debug|Any CPU.Build.0 = Debug|Any CPU
		{A39B1C6C-EF8A-4BAF-AA0B-7A93A41D3F47}.Release|Any CPU.ActiveCfg = Release|Any CPU
		{A39B1C6C-EF8A-4BAF-AA0B-7A93A41D3F47}.Release|Any CPU.Build.0 = Release|Any CPU
		{EEB740FC-AC8C-47DB-A614-458A97EE3EBC}.Debug|Any CPU.ActiveCfg = Debug|Any CPU
		{EEB740FC-AC8C-47DB-A614-458A97EE3EBC}.Debug|Any CPU.Build.0 = Debug|Any CPU
		{EEB740FC-AC8C-47DB-A614-458A97EE3EBC}.Release|Any CPU.ActiveCfg = Release|Any CPU
		{EEB740FC-AC8C-47DB-A614-458A97EE3EBC}.Release|Any CPU.Build.0 = Release|Any CPU
		{29C29925-5840-430B-AE78-17A0764F0551}.Debug|Any CPU.ActiveCfg = Debug|Any CPU
		{29C29925-5840-430B-AE78-17A0764F0551}.Debug|Any CPU.Build.0 = Debug|Any CPU
		{29C29925-5840-430B-AE78-17A0764F0551}.Release|Any CPU.ActiveCfg = Release|Any CPU
		{29C29925-5840-430B-AE78-17A0764F0551}.Release|Any CPU.Build.0 = Release|Any CPU
		{2CDFDCE5-E138-4FF8-A513-04C13724C9E0}.Debug|Any CPU.ActiveCfg = Debug|Any CPU
		{2CDFDCE5-E138-4FF8-A513-04C13724C9E0}.Debug|Any CPU.Build.0 = Debug|Any CPU
		{2CDFDCE5-E138-4FF8-A513-04C13724C9E0}.Release|Any CPU.ActiveCfg = Release|Any CPU
		{2CDFDCE5-E138-4FF8-A513-04C13724C9E0}.Release|Any CPU.Build.0 = Release|Any CPU
		{D64666F0-EEDB-4041-AD13-8114CE3AA8D4}.Debug|Any CPU.ActiveCfg = Debug|Any CPU
		{D64666F0-EEDB-4041-AD13-8114CE3AA8D4}.Debug|Any CPU.Build.0 = Debug|Any CPU
		{D64666F0-EEDB-4041-AD13-8114CE3AA8D4}.Release|Any CPU.ActiveCfg = Release|Any CPU
		{D64666F0-EEDB-4041-AD13-8114CE3AA8D4}.Release|Any CPU.Build.0 = Release|Any CPU
		{B18BE97C-140F-48B1-BAA3-2EF02CAB08F4}.Debug|Any CPU.ActiveCfg = Debug|Any CPU
		{B18BE97C-140F-48B1-BAA3-2EF02CAB08F4}.Debug|Any CPU.Build.0 = Debug|Any CPU
		{B18BE97C-140F-48B1-BAA3-2EF02CAB08F4}.Release|Any CPU.ActiveCfg = Release|Any CPU
		{B18BE97C-140F-48B1-BAA3-2EF02CAB08F4}.Release|Any CPU.Build.0 = Release|Any CPU
		{60C8ECA2-2D40-469A-A367-204C3FAA22EA}.Debug|Any CPU.ActiveCfg = Debug|Any CPU
		{60C8ECA2-2D40-469A-A367-204C3FAA22EA}.Debug|Any CPU.Build.0 = Debug|Any CPU
		{60C8ECA2-2D40-469A-A367-204C3FAA22EA}.Release|Any CPU.ActiveCfg = Release|Any CPU
		{60C8ECA2-2D40-469A-A367-204C3FAA22EA}.Release|Any CPU.Build.0 = Release|Any CPU
		{14CB6A94-F9A5-464A-9EC4-028680EE7E5D}.Debug|Any CPU.ActiveCfg = Debug|Any CPU
		{14CB6A94-F9A5-464A-9EC4-028680EE7E5D}.Debug|Any CPU.Build.0 = Debug|Any CPU
		{14CB6A94-F9A5-464A-9EC4-028680EE7E5D}.Release|Any CPU.ActiveCfg = Release|Any CPU
		{14CB6A94-F9A5-464A-9EC4-028680EE7E5D}.Release|Any CPU.Build.0 = Release|Any CPU
		{A32D48A3-182F-4696-8D25-E65ABAC5B91A}.Debug|Any CPU.ActiveCfg = Debug|Any CPU
		{A32D48A3-182F-4696-8D25-E65ABAC5B91A}.Debug|Any CPU.Build.0 = Debug|Any CPU
		{A32D48A3-182F-4696-8D25-E65ABAC5B91A}.Release|Any CPU.ActiveCfg = Release|Any CPU
		{A32D48A3-182F-4696-8D25-E65ABAC5B91A}.Release|Any CPU.Build.0 = Release|Any CPU
		{5C754DE9-472C-42EC-BC54-6EB8D7B2E74B}.Debug|Any CPU.ActiveCfg = Debug|Any CPU
		{5C754DE9-472C-42EC-BC54-6EB8D7B2E74B}.Debug|Any CPU.Build.0 = Debug|Any CPU
		{5C754DE9-472C-42EC-BC54-6EB8D7B2E74B}.Release|Any CPU.ActiveCfg = Release|Any CPU
		{5C754DE9-472C-42EC-BC54-6EB8D7B2E74B}.Release|Any CPU.Build.0 = Release|Any CPU
		{65AEED45-5C1E-46C6-A27C-DDEA97A3820C}.Debug|Any CPU.ActiveCfg = Debug|Any CPU
		{65AEED45-5C1E-46C6-A27C-DDEA97A3820C}.Debug|Any CPU.Build.0 = Debug|Any CPU
		{65AEED45-5C1E-46C6-A27C-DDEA97A3820C}.Release|Any CPU.ActiveCfg = Release|Any CPU
		{65AEED45-5C1E-46C6-A27C-DDEA97A3820C}.Release|Any CPU.Build.0 = Release|Any CPU
		{85BB7EA9-0748-4021-9016-563C99375652}.Debug|Any CPU.ActiveCfg = Debug|Any CPU
		{85BB7EA9-0748-4021-9016-563C99375652}.Debug|Any CPU.Build.0 = Debug|Any CPU
		{85BB7EA9-0748-4021-9016-563C99375652}.Release|Any CPU.ActiveCfg = Release|Any CPU
		{85BB7EA9-0748-4021-9016-563C99375652}.Release|Any CPU.Build.0 = Release|Any CPU
		{6E42E8DD-ACFD-40E3-B986-E0BA336503C9}.Debug|Any CPU.ActiveCfg = Debug|Any CPU
		{6E42E8DD-ACFD-40E3-B986-E0BA336503C9}.Debug|Any CPU.Build.0 = Debug|Any CPU
		{6E42E8DD-ACFD-40E3-B986-E0BA336503C9}.Release|Any CPU.ActiveCfg = Release|Any CPU
		{6E42E8DD-ACFD-40E3-B986-E0BA336503C9}.Release|Any CPU.Build.0 = Release|Any CPU
		{41DC2692-AC93-4221-91A5-84F260889DDC}.Debug|Any CPU.ActiveCfg = Debug|Any CPU
		{41DC2692-AC93-4221-91A5-84F260889DDC}.Debug|Any CPU.Build.0 = Debug|Any CPU
		{41DC2692-AC93-4221-91A5-84F260889DDC}.Release|Any CPU.ActiveCfg = Release|Any CPU
		{41DC2692-AC93-4221-91A5-84F260889DDC}.Release|Any CPU.Build.0 = Release|Any CPU
	EndGlobalSection
	GlobalSection(SolutionProperties) = preSolution
		HideSolutionNode = FALSE
	EndGlobalSection
	GlobalSection(NestedProjects) = preSolution
		{303D6700-C8B4-453D-9483-A058CC848687} = {E5139748-808E-4D80-B49B-B1531236E8C3}
		{117DCE9F-EF66-4160-9E19-A83D2D51A717} = {E5139748-808E-4D80-B49B-B1531236E8C3}
		{5C754DE9-472C-42EC-BC54-6EB8D7B2E74B} = {117DCE9F-EF66-4160-9E19-A83D2D51A717}
		{EA39C646-3E8E-4441-85A8-CF32469BF766} = {E5139748-808E-4D80-B49B-B1531236E8C3}
		{65AEED45-5C1E-46C6-A27C-DDEA97A3820C} = {EA39C646-3E8E-4441-85A8-CF32469BF766}
	EndGlobalSection
EndGlobal
